
Microsoft Visual Studio Solution File, Format Version 12.00
# Visual Studio Version 17
VisualStudioVersion = 17.0.31912.275
MinimumVisualStudioVersion = 10.0.40219.1
Project("{D954291E-2A0B-460D-934E-DC6B0785DB48}") = "MVVMUnoApp.Shared", "MVVMUnoApp\MVVMUnoApp.Shared\MVVMUnoApp.Shared.shproj", "{6279C845-92F8-4333-AB99-3D213163593C}"
EndProject
Project("{2150E333-8FDC-42A3-9474-1A3956D46DE8}") = "Platforms", "Platforms", "{98FEA6B2-271D-4DEC-9D0B-27675B158673}"
EndProject
Project("{FAE04EC0-301F-11D3-BF4B-00C04F79EFBC}") = "MVVMUnoApp.UWP", "MVVMUnoApp\MVVMUnoApp.UWP\MVVMUnoApp.UWP.csproj", "{CDD2C845-BF20-4948-8E8E-C28B97EB614C}"
EndProject
Project("{9A19103F-16F7-4668-BE54-9A1E7A4F7556}") = "MVVMUnoApp.Wasm", "MVVMUnoApp\MVVMUnoApp.Wasm\MVVMUnoApp.Wasm.csproj", "{D1D3153A-009E-45AC-89FA-A2AA95E38F63}"
EndProject
Project("{9A19103F-16F7-4668-BE54-9A1E7A4F7556}") = "MVVMUnoApp.Skia.Wpf.Host", "MVVMUnoApp\MVVMUnoApp.Skia.Wpf.Host\MVVMUnoApp.Skia.Wpf.Host.csproj", "{CEFA5E35-31E8-4C2B-934A-52A431ACCB2B}"
EndProject
Project("{9A19103F-16F7-4668-BE54-9A1E7A4F7556}") = "MVVMUnoApp.Skia.Wpf", "MVVMUnoApp\MVVMUnoApp.Skia.Wpf\MVVMUnoApp.Skia.Wpf.csproj", "{C678A9E3-0659-482D-AACD-B59CFBA0072D}"
EndProject
Global
	GlobalSection(SharedMSBuildProjectFiles) = preSolution
		MVVMUnoApp\MVVMUnoApp.Shared\MVVMUnoApp.Shared.projitems*{6279c845-92f8-4333-ab99-3d213163593c}*SharedItemsImports = 13
		MVVMUnoApp\MVVMUnoApp.Shared\MVVMUnoApp.Shared.projitems*{c678a9e3-0659-482d-aacd-b59cfba0072d}*SharedItemsImports = 5
		MVVMUnoApp\MVVMUnoApp.Shared\MVVMUnoApp.Shared.projitems*{cdd2c845-bf20-4948-8e8e-c28b97eb614c}*SharedItemsImports = 4
		MVVMUnoApp\MVVMUnoApp.Shared\MVVMUnoApp.Shared.projitems*{d1d3153a-009e-45ac-89fa-a2aa95e38f63}*SharedItemsImports = 5
	EndGlobalSection
	GlobalSection(SolutionConfigurationPlatforms) = preSolution
		Debug|Any CPU = Debug|Any CPU
		Debug|ARM = Debug|ARM
		Debug|ARM64 = Debug|ARM64
		Debug|x64 = Debug|x64
		Debug|x86 = Debug|x86
		Release|Any CPU = Release|Any CPU
		Release|ARM = Release|ARM
		Release|ARM64 = Release|ARM64
		Release|x64 = Release|x64
		Release|x86 = Release|x86
	EndGlobalSection
	GlobalSection(ProjectConfigurationPlatforms) = postSolution
		{CDD2C845-BF20-4948-8E8E-C28B97EB614C}.Debug|Any CPU.ActiveCfg = Debug|x64
		{CDD2C845-BF20-4948-8E8E-C28B97EB614C}.Debug|Any CPU.Build.0 = Debug|x64
		{CDD2C845-BF20-4948-8E8E-C28B97EB614C}.Debug|Any CPU.Deploy.0 = Debug|x64
		{CDD2C845-BF20-4948-8E8E-C28B97EB614C}.Debug|ARM.ActiveCfg = Debug|ARM
		{CDD2C845-BF20-4948-8E8E-C28B97EB614C}.Debug|ARM.Build.0 = Debug|ARM
		{CDD2C845-BF20-4948-8E8E-C28B97EB614C}.Debug|ARM.Deploy.0 = Debug|ARM
		{CDD2C845-BF20-4948-8E8E-C28B97EB614C}.Debug|ARM64.ActiveCfg = Debug|ARM64
		{CDD2C845-BF20-4948-8E8E-C28B97EB614C}.Debug|ARM64.Build.0 = Debug|ARM64
		{CDD2C845-BF20-4948-8E8E-C28B97EB614C}.Debug|ARM64.Deploy.0 = Debug|ARM64
		{CDD2C845-BF20-4948-8E8E-C28B97EB614C}.Debug|x64.ActiveCfg = Debug|x64
		{CDD2C845-BF20-4948-8E8E-C28B97EB614C}.Debug|x64.Build.0 = Debug|x64
		{CDD2C845-BF20-4948-8E8E-C28B97EB614C}.Debug|x64.Deploy.0 = Debug|x64
		{CDD2C845-BF20-4948-8E8E-C28B97EB614C}.Debug|x86.ActiveCfg = Debug|x86
		{CDD2C845-BF20-4948-8E8E-C28B97EB614C}.Debug|x86.Build.0 = Debug|x86
		{CDD2C845-BF20-4948-8E8E-C28B97EB614C}.Debug|x86.Deploy.0 = Debug|x86
		{CDD2C845-BF20-4948-8E8E-C28B97EB614C}.Release|Any CPU.ActiveCfg = Release|x64
		{CDD2C845-BF20-4948-8E8E-C28B97EB614C}.Release|Any CPU.Build.0 = Release|x64
		{CDD2C845-BF20-4948-8E8E-C28B97EB614C}.Release|Any CPU.Deploy.0 = Release|x64
		{CDD2C845-BF20-4948-8E8E-C28B97EB614C}.Release|ARM.ActiveCfg = Release|ARM
		{CDD2C845-BF20-4948-8E8E-C28B97EB614C}.Release|ARM.Build.0 = Release|ARM
		{CDD2C845-BF20-4948-8E8E-C28B97EB614C}.Release|ARM.Deploy.0 = Release|ARM
		{CDD2C845-BF20-4948-8E8E-C28B97EB614C}.Release|ARM64.ActiveCfg = Release|ARM64
		{CDD2C845-BF20-4948-8E8E-C28B97EB614C}.Release|ARM64.Build.0 = Release|ARM64
		{CDD2C845-BF20-4948-8E8E-C28B97EB614C}.Release|ARM64.Deploy.0 = Release|ARM64
		{CDD2C845-BF20-4948-8E8E-C28B97EB614C}.Release|x64.ActiveCfg = Release|x64
		{CDD2C845-BF20-4948-8E8E-C28B97EB614C}.Release|x64.Build.0 = Release|x64
		{CDD2C845-BF20-4948-8E8E-C28B97EB614C}.Release|x64.Deploy.0 = Release|x64
		{CDD2C845-BF20-4948-8E8E-C28B97EB614C}.Release|x86.ActiveCfg = Release|x86
		{CDD2C845-BF20-4948-8E8E-C28B97EB614C}.Release|x86.Build.0 = Release|x86
		{CDD2C845-BF20-4948-8E8E-C28B97EB614C}.Release|x86.Deploy.0 = Release|x86
		{D1D3153A-009E-45AC-89FA-A2AA95E38F63}.Debug|Any CPU.ActiveCfg = Debug|Any CPU
		{D1D3153A-009E-45AC-89FA-A2AA95E38F63}.Debug|Any CPU.Build.0 = Debug|Any CPU
		{D1D3153A-009E-45AC-89FA-A2AA95E38F63}.Debug|ARM.ActiveCfg = Debug|Any CPU
		{D1D3153A-009E-45AC-89FA-A2AA95E38F63}.Debug|ARM.Build.0 = Debug|Any CPU
		{D1D3153A-009E-45AC-89FA-A2AA95E38F63}.Debug|ARM64.ActiveCfg = Debug|Any CPU
		{D1D3153A-009E-45AC-89FA-A2AA95E38F63}.Debug|ARM64.Build.0 = Debug|Any CPU
		{D1D3153A-009E-45AC-89FA-A2AA95E38F63}.Debug|x64.ActiveCfg = Debug|Any CPU
		{D1D3153A-009E-45AC-89FA-A2AA95E38F63}.Debug|x64.Build.0 = Debug|Any CPU
		{D1D3153A-009E-45AC-89FA-A2AA95E38F63}.Debug|x86.ActiveCfg = Debug|Any CPU
		{D1D3153A-009E-45AC-89FA-A2AA95E38F63}.Debug|x86.Build.0 = Debug|Any CPU
		{D1D3153A-009E-45AC-89FA-A2AA95E38F63}.Release|Any CPU.ActiveCfg = Release|Any CPU
		{D1D3153A-009E-45AC-89FA-A2AA95E38F63}.Release|Any CPU.Build.0 = Release|Any CPU
		{D1D3153A-009E-45AC-89FA-A2AA95E38F63}.Release|ARM.ActiveCfg = Release|Any CPU
		{D1D3153A-009E-45AC-89FA-A2AA95E38F63}.Release|ARM.Build.0 = Release|Any CPU
		{D1D3153A-009E-45AC-89FA-A2AA95E38F63}.Release|ARM64.ActiveCfg = Release|Any CPU
		{D1D3153A-009E-45AC-89FA-A2AA95E38F63}.Release|ARM64.Build.0 = Release|Any CPU
		{D1D3153A-009E-45AC-89FA-A2AA95E38F63}.Release|x64.ActiveCfg = Release|Any CPU
		{D1D3153A-009E-45AC-89FA-A2AA95E38F63}.Release|x64.Build.0 = Release|Any CPU
		{D1D3153A-009E-45AC-89FA-A2AA95E38F63}.Release|x86.ActiveCfg = Release|Any CPU
		{D1D3153A-009E-45AC-89FA-A2AA95E38F63}.Release|x86.Build.0 = Release|Any CPU
		{CEFA5E35-31E8-4C2B-934A-52A431ACCB2B}.Debug|Any CPU.ActiveCfg = Debug|Any CPU
		{CEFA5E35-31E8-4C2B-934A-52A431ACCB2B}.Debug|Any CPU.Build.0 = Debug|Any CPU
		{CEFA5E35-31E8-4C2B-934A-52A431ACCB2B}.Debug|ARM.ActiveCfg = Debug|Any CPU
		{CEFA5E35-31E8-4C2B-934A-52A431ACCB2B}.Debug|ARM.Build.0 = Debug|Any CPU
		{CEFA5E35-31E8-4C2B-934A-52A431ACCB2B}.Debug|ARM64.ActiveCfg = Debug|Any CPU
		{CEFA5E35-31E8-4C2B-934A-52A431ACCB2B}.Debug|ARM64.Build.0 = Debug|Any CPU
		{CEFA5E35-31E8-4C2B-934A-52A431ACCB2B}.Debug|x64.ActiveCfg = Debug|Any CPU
		{CEFA5E35-31E8-4C2B-934A-52A431ACCB2B}.Debug|x64.Build.0 = Debug|Any CPU
		{CEFA5E35-31E8-4C2B-934A-52A431ACCB2B}.Debug|x86.ActiveCfg = Debug|Any CPU
		{CEFA5E35-31E8-4C2B-934A-52A431ACCB2B}.Debug|x86.Build.0 = Debug|Any CPU
		{CEFA5E35-31E8-4C2B-934A-52A431ACCB2B}.Release|Any CPU.ActiveCfg = Release|Any CPU
		{CEFA5E35-31E8-4C2B-934A-52A431ACCB2B}.Release|Any CPU.Build.0 = Release|Any CPU
		{CEFA5E35-31E8-4C2B-934A-52A431ACCB2B}.Release|ARM.ActiveCfg = Release|Any CPU
		{CEFA5E35-31E8-4C2B-934A-52A431ACCB2B}.Release|ARM.Build.0 = Release|Any CPU
		{CEFA5E35-31E8-4C2B-934A-52A431ACCB2B}.Release|ARM64.ActiveCfg = Release|Any CPU
		{CEFA5E35-31E8-4C2B-934A-52A431ACCB2B}.Release|ARM64.Build.0 = Release|Any CPU
		{CEFA5E35-31E8-4C2B-934A-52A431ACCB2B}.Release|x64.ActiveCfg = Release|Any CPU
		{CEFA5E35-31E8-4C2B-934A-52A431ACCB2B}.Release|x64.Build.0 = Release|Any CPU
		{CEFA5E35-31E8-4C2B-934A-52A431ACCB2B}.Release|x86.ActiveCfg = Release|Any CPU
		{CEFA5E35-31E8-4C2B-934A-52A431ACCB2B}.Release|x86.Build.0 = Release|Any CPU
		{C678A9E3-0659-482D-AACD-B59CFBA0072D}.Debug|Any CPU.ActiveCfg = Debug|Any CPU
		{C678A9E3-0659-482D-AACD-B59CFBA0072D}.Debug|Any CPU.Build.0 = Debug|Any CPU
		{C678A9E3-0659-482D-AACD-B59CFBA0072D}.Debug|ARM.ActiveCfg = Debug|Any CPU
		{C678A9E3-0659-482D-AACD-B59CFBA0072D}.Debug|ARM.Build.0 = Debug|Any CPU
		{C678A9E3-0659-482D-AACD-B59CFBA0072D}.Debug|ARM64.ActiveCfg = Debug|Any CPU
		{C678A9E3-0659-482D-AACD-B59CFBA0072D}.Debug|ARM64.Build.0 = Debug|Any CPU
		{C678A9E3-0659-482D-AACD-B59CFBA0072D}.Debug|x64.ActiveCfg = Debug|Any CPU
		{C678A9E3-0659-482D-AACD-B59CFBA0072D}.Debug|x64.Build.0 = Debug|Any CPU
		{C678A9E3-0659-482D-AACD-B59CFBA0072D}.Debug|x86.ActiveCfg = Debug|Any CPU
		{C678A9E3-0659-482D-AACD-B59CFBA0072D}.Debug|x86.Build.0 = Debug|Any CPU
		{C678A9E3-0659-482D-AACD-B59CFBA0072D}.Release|Any CPU.ActiveCfg = Release|Any CPU
		{C678A9E3-0659-482D-AACD-B59CFBA0072D}.Release|Any CPU.Build.0 = Release|Any CPU
		{C678A9E3-0659-482D-AACD-B59CFBA0072D}.Release|ARM.ActiveCfg = Release|Any CPU
		{C678A9E3-0659-482D-AACD-B59CFBA0072D}.Release|ARM.Build.0 = Release|Any CPU
		{C678A9E3-0659-482D-AACD-B59CFBA0072D}.Release|ARM64.ActiveCfg = Release|Any CPU
		{C678A9E3-0659-482D-AACD-B59CFBA0072D}.Release|ARM64.Build.0 = Release|Any CPU
		{C678A9E3-0659-482D-AACD-B59CFBA0072D}.Release|x64.ActiveCfg = Release|Any CPU
		{C678A9E3-0659-482D-AACD-B59CFBA0072D}.Release|x64.Build.0 = Release|Any CPU
		{C678A9E3-0659-482D-AACD-B59CFBA0072D}.Release|x86.ActiveCfg = Release|Any CPU
		{C678A9E3-0659-482D-AACD-B59CFBA0072D}.Release|x86.Build.0 = Release|Any CPU
	EndGlobalSection
	GlobalSection(SolutionProperties) = preSolution
		HideSolutionNode = FALSE
	EndGlobalSection
	GlobalSection(NestedProjects) = preSolution
		{CDD2C845-BF20-4948-8E8E-C28B97EB614C} = {98FEA6B2-271D-4DEC-9D0B-27675B158673}
		{D1D3153A-009E-45AC-89FA-A2AA95E38F63} = {98FEA6B2-271D-4DEC-9D0B-27675B158673}
		{CEFA5E35-31E8-4C2B-934A-52A431ACCB2B} = {98FEA6B2-271D-4DEC-9D0B-27675B158673}
		{C678A9E3-0659-482D-AACD-B59CFBA0072D} = {98FEA6B2-271D-4DEC-9D0B-27675B158673}
	EndGlobalSection
	GlobalSection(ExtensibilityGlobals) = postSolution
		SolutionGuid = {868C5C13-CE81-4217-9989-B93F0096333C}
	EndGlobalSection
EndGlobal
